
Microsoft Visual Studio Solution File, Format Version 12.00
# Visual Studio Version 17
VisualStudioVersion = 17.8.34309.116
MinimumVisualStudioVersion = 10.0.40219.1
Project("{9A19103F-16F7-4668-BE54-9A1E7A4F7556}") = "HomeLibraryApp", "HomeLibraryApp\HomeLibraryApp.csproj", "{C4373AB7-81AF-482F-918D-1AA5488C4663}"
EndProject
Global
	GlobalSection(SolutionConfigurationPlatforms) = preSolution
		Debug|Any CPU = Debug|Any CPU
		Release|Any CPU = Release|Any CPU
	EndGlobalSection
	GlobalSection(ProjectConfigurationPlatforms) = postSolution
		{C4373AB7-81AF-482F-918D-1AA5488C4663}.Debug|Any CPU.ActiveCfg = Debug|Any CPU
		{C4373AB7-81AF-482F-918D-1AA5488C4663}.Debug|Any CPU.Build.0 = Debug|Any CPU
		{C4373AB7-81AF-482F-918D-1AA5488C4663}.Release|Any CPU.ActiveCfg = Release|Any CPU
		{C4373AB7-81AF-482F-918D-1AA5488C4663}.Release|Any CPU.Build.0 = Release|Any CPU
	EndGlobalSection
	GlobalSection(SolutionProperties) = preSolution
		HideSolutionNode = FALSE
	EndGlobalSection
	GlobalSection(ExtensibilityGlobals) = postSolution
		SolutionGuid = {0A0C1A0B-7A35-44F4-BCC9-55D216F36174}
	EndGlobalSection
EndGlobal
